{
    "_readme": [
        "This file locks the dependencies of your project to a known state",
        "Read more about it at https://getcomposer.org/doc/01-basic-usage.md#composer-lock-the-lock-file",
        "This file is @generated automatically"
    ],
    "hash": "b60c2fe07cc2fcbc761938d7a959c88c",
    "content-hash": "6bfd095ccfc150d7fcaaba4072f6b99b",
    "packages": [
        {
            "name": "composer/installers",
            "version": "dev-master",
            "source": {
                "type": "git",
                "url": "https://github.com/composer/installers.git",
                "reference": "2db1f3ce7bcf0d294811f5f0214e24d2878a57da"
            },
            "dist": {
                "type": "zip",
                "url": "https://api.github.com/repos/composer/installers/zipball/2db1f3ce7bcf0d294811f5f0214e24d2878a57da",
                "reference": "2db1f3ce7bcf0d294811f5f0214e24d2878a57da",
                "shasum": ""
            },
            "require": {
                "composer-plugin-api": "^1.0"
            },
            "replace": {
                "roundcube/plugin-installer": "*",
                "shama/baton": "*"
            },
            "require-dev": {
                "composer/composer": "1.0.*@dev",
                "phpunit/phpunit": "4.1.*"
            },
            "type": "composer-plugin",
            "extra": {
                "class": "Composer\\Installers\\Plugin",
                "branch-alias": {
                    "dev-master": "1.0-dev"
                }
            },
            "autoload": {
                "psr-4": {
                    "Composer\\Installers\\": "src/Composer/Installers"
                }
            },
            "notification-url": "https://packagist.org/downloads/",
            "license": [
                "MIT"
            ],
            "authors": [
                {
                    "name": "Kyle Robinson Young",
                    "email": "kyle@dontkry.com",
                    "homepage": "https://github.com/shama"
                }
            ],
            "description": "A multi-framework Composer library installer",
            "homepage": "https://composer.github.io/installers/",
            "keywords": [
                "Craft",
                "Dolibarr",
                "Hurad",
                "ImageCMS",
                "MODX Evo",
                "Mautic",
                "OXID",
                "RadPHP",
                "SMF",
                "Thelia",
                "WolfCMS",
                "agl",
                "aimeos",
                "annotatecms",
                "bitrix",
                "cakephp",
                "chef",
                "codeigniter",
                "concrete5",
                "croogo",
                "dokuwiki",
                "drupal",
                "elgg",
                "fuelphp",
                "grav",
                "installer",
                "joomla",
                "kohana",
                "laravel",
                "lithium",
                "magento",
                "mako",
                "mediawiki",
                "modulework",
                "moodle",
                "phpbb",
                "piwik",
                "ppi",
                "puppet",
                "roundcube",
                "shopware",
                "silverstripe",
                "symfony",
                "typo3",
                "wordpress",
                "zend",
                "zikula"
            ],
            "time": "2016-05-19 16:58:29"
        },
        {
            "name": "johnpbloch/wordpress",
            "version": "4.5.2",
            "source": {
                "type": "git",
                "url": "https://github.com/johnpbloch/wordpress.git",
                "reference": "e992d00a34ea84d55c80023d27d5bcb839069add"
            },
            "dist": {
                "type": "zip",
                "url": "https://api.github.com/repos/johnpbloch/wordpress/zipball/e992d00a34ea84d55c80023d27d5bcb839069add",
                "reference": "e992d00a34ea84d55c80023d27d5bcb839069add",
                "shasum": ""
            },
            "require": {
                "johnpbloch/wordpress-core-installer": "~0.2",
                "php": ">=5.3.2"
            },
            "type": "wordpress-core",
            "notification-url": "https://packagist.org/downloads/",
            "license": [
                "GPL-2.0+"
            ],
            "authors": [
                {
                    "name": "WordPress Community",
                    "homepage": "http://wordpress.org/about/"
                }
            ],
            "description": "WordPress is web software you can use to create a beautiful website or blog.",
            "homepage": "http://wordpress.org/",
            "keywords": [
                "blog",
                "cms"
            ],
            "time": "2016-05-06 18:16:20"
        },
        {
            "name": "johnpbloch/wordpress-core-installer",
            "version": "0.2.1",
            "source": {
                "type": "git",
                "url": "https://github.com/johnpbloch/wordpress-core-installer.git",
                "reference": "a04c2c383ef13aae077f36799ed2eafdebd618d2"
            },
            "dist": {
                "type": "zip",
                "url": "https://api.github.com/repos/johnpbloch/wordpress-core-installer/zipball/a04c2c383ef13aae077f36799ed2eafdebd618d2",
                "reference": "a04c2c383ef13aae077f36799ed2eafdebd618d2",
                "shasum": ""
            },
            "require": {
                "composer-plugin-api": "^1.0"
            },
            "conflict": {
                "composer/installers": "<1.0.6"
            },
            "require-dev": {
                "composer/composer": "1.0.*@dev"
            },
            "type": "composer-plugin",
            "extra": {
                "class": "johnpbloch\\Composer\\WordPressCorePlugin"
            },
            "autoload": {
                "psr-0": {
                    "johnpbloch\\Composer\\": "src/"
                }
            },
            "notification-url": "https://packagist.org/downloads/",
            "license": [
                "GPL-2.0+"
            ],
            "authors": [
                {
                    "name": "John P. Bloch",
                    "email": "me@johnpbloch.com"
                }
            ],
            "description": "A custom installer to handle deploying WordPress with composer",
            "keywords": [
                "wordpress"
            ],
            "time": "2015-06-11 15:15:30"
        },
        {
            "name": "wpackagist-plugin/accesspress-social-icons",
            "version": "1.5.3",
            "source": {
                "type": "svn",
                "url": "https://plugins.svn.wordpress.org/accesspress-social-icons/",
                "reference": "tags/1.5.3"
            },
            "dist": {
                "type": "zip",
                "url": "https://downloads.wordpress.org/plugin/accesspress-social-icons.1.5.3.zip",
                "reference": null,
                "shasum": null
            },
            "require": {
                "composer/installers": "~1.0"
            },
            "type": "wordpress-plugin",
            "homepage": "https://wordpress.org/plugins/accesspress-social-icons/"
        },
        {
            "name": "wpackagist-theme/news-mix-lite",
            "version": "2.0.6",
            "source": {
                "type": "svn",
                "url": "https://themes.svn.wordpress.org/news-mix-lite/",
                "reference": "2.0.6"
            },
            "dist": {
                "type": "zip",
                "url": "https://downloads.wordpress.org/theme/news-mix-lite.2.0.6.zip",
                "reference": null,
                "shasum": null
            },
            "require": {
                "composer/installers": "~1.0"
            },
            "type": "wordpress-theme",
            "homepage": "https://wordpress.org/themes/news-mix-lite/"
        },
        {
            "name": "wpackagist-theme/sportsmag",
            "version": "1.1.1",
            "source": {
                "type": "svn",
                "url": "https://themes.svn.wordpress.org/sportsmag/",
                "reference": "1.1.1"
            },
            "dist": {
                "type": "zip",
                "url": "https://downloads.wordpress.org/theme/sportsmag.1.1.1.zip",
                "reference": null,
                "shasum": null
            },
            "require": {
                "composer/installers": "~1.0"
            },
            "type": "wordpress-theme",
            "homepage": "https://wordpress.org/themes/sportsmag/"
        }
    ],
    "packages-dev": [
        {
            "name": "behat/behat",
            "version": "v3.0.15",
            "source": {
                "type": "git",
                "url": "https://github.com/Behat/Behat.git",
                "reference": "b35ae3d45332d80c532af69cc36f780a9397a996"
            },
            "dist": {
                "type": "zip",
                "url": "https://api.github.com/repos/Behat/Behat/zipball/b35ae3d45332d80c532af69cc36f780a9397a996",
                "reference": "b35ae3d45332d80c532af69cc36f780a9397a996",
                "shasum": ""
            },
            "require": {
                "behat/gherkin": "~4.3",
                "behat/transliterator": "~1.0",
                "ext-mbstring": "*",
                "php": ">=5.3.3",
                "symfony/class-loader": "~2.1",
                "symfony/config": "~2.3",
                "symfony/console": "~2.1",
                "symfony/dependency-injection": "~2.1",
                "symfony/event-dispatcher": "~2.1",
                "symfony/translation": "~2.3",
                "symfony/yaml": "~2.1"
            },
            "require-dev": {
                "phpspec/prophecy-phpunit": "~1.0",
                "phpunit/phpunit": "~4.0",
                "symfony/process": "~2.1"
            },
            "suggest": {
                "behat/mink-extension": "for integration with Mink testing framework",
                "behat/symfony2-extension": "for integration with Symfony2 web framework",
                "behat/yii-extension": "for integration with Yii web framework"
            },
            "bin": [
                "bin/behat"
            ],
            "type": "library",
            "extra": {
                "branch-alias": {
                    "dev-master": "3.0.x-dev"
                }
            },
            "autoload": {
                "psr-0": {
                    "Behat\\Behat": "src/",
                    "Behat\\Testwork": "src/"
                }
            },
            "notification-url": "https://packagist.org/downloads/",
            "license": [
                "MIT"
            ],
            "authors": [
                {
                    "name": "Konstantin Kudryashov",
                    "email": "ever.zet@gmail.com",
                    "homepage": "http://everzet.com"
                }
            ],
            "description": "Scenario-oriented BDD framework for PHP 5.3",
            "homepage": "http://behat.org/",
            "keywords": [
                "Agile",
                "BDD",
                "ScenarioBDD",
                "Scrum",
                "StoryBDD",
                "User story",
                "business",
                "development",
                "documentation",
                "examples",
                "symfony",
                "testing"
            ],
            "time": "2015-02-22 14:10:33"
        },
        {
            "name": "behat/gherkin",
            "version": "dev-master",
            "source": {
                "type": "git",
                "url": "https://github.com/Behat/Gherkin.git",
                "reference": "6f005467f571c3c53477fb0a646ba8092aa54bd4"
            },
            "dist": {
                "type": "zip",
                "url": "https://api.github.com/repos/Behat/Gherkin/zipball/6f005467f571c3c53477fb0a646ba8092aa54bd4",
                "reference": "6f005467f571c3c53477fb0a646ba8092aa54bd4",
                "shasum": ""
            },
            "require": {
                "php": ">=5.3.1"
            },
            "require-dev": {
                "phpunit/phpunit": "~4.5|~5",
                "symfony/phpunit-bridge": "~2.7|~3",
                "symfony/yaml": "~2.3|~3"
            },
            "suggest": {
                "symfony/yaml": "If you want to parse features, represented in YAML files"
            },
            "type": "library",
            "extra": {
                "branch-alias": {
                    "dev-master": "4.4-dev"
                }
            },
            "autoload": {
                "psr-0": {
                    "Behat\\Gherkin": "src/"
                }
            },
            "notification-url": "https://packagist.org/downloads/",
            "license": [
                "MIT"
            ],
            "authors": [
                {
                    "name": "Konstantin Kudryashov",
                    "email": "ever.zet@gmail.com",
                    "homepage": "http://everzet.com"
                }
            ],
            "description": "Gherkin DSL parser for PHP 5.3",
            "homepage": "http://behat.org/",
            "keywords": [
                "BDD",
                "Behat",
                "Cucumber",
                "DSL",
                "gherkin",
                "parser"
            ],
            "time": "2015-12-31 10:51:34"
        },
        {
            "name": "behat/transliterator",
            "version": "dev-master",
            "source": {
                "type": "git",
                "url": "https://github.com/Behat/Transliterator.git",
                "reference": "5617922041771893fb0e9593b67958e411604c09"
            },
            "dist": {
                "type": "zip",
                "url": "https://api.github.com/repos/Behat/Transliterator/zipball/5617922041771893fb0e9593b67958e411604c09",
                "reference": "5617922041771893fb0e9593b67958e411604c09",
                "shasum": ""
            },
            "require": {
                "php": ">=5.3.3"
            },
            "require-dev": {
                "chuyskywalker/rolling-curl": "^3.1",
                "php-yaoi/php-yaoi": "^1.0"
            },
            "type": "library",
            "extra": {
                "branch-alias": {
                    "dev-master": "1.2-dev"
                }
            },
            "autoload": {
                "psr-0": {
                    "Behat\\Transliterator": "src/"
                }
            },
            "notification-url": "https://packagist.org/downloads/",
            "license": [
                "Artistic-1.0"
            ],
            "description": "String transliterator",
            "keywords": [
                "i18n",
                "slug",
                "transliterator"
            ],
            "time": "2016-03-01 09:37:21"
        },
        {
            "name": "symfony/class-loader",
            "version": "2.8.x-dev",
            "source": {
                "type": "git",
                "url": "https://github.com/symfony/class-loader.git",
                "reference": "f1cf312c81c7b4f0f11431e6fd37b66890f5e27b"
            },
            "dist": {
                "type": "zip",
                "url": "https://api.github.com/repos/symfony/class-loader/zipball/f1cf312c81c7b4f0f11431e6fd37b66890f5e27b",
                "reference": "f1cf312c81c7b4f0f11431e6fd37b66890f5e27b",
                "shasum": ""
            },
            "require": {
                "php": ">=5.3.9",
                "symfony/polyfill-apcu": "~1.1"
            },
            "require-dev": {
                "symfony/finder": "~2.0,>=2.0.5|~3.0.0"
            },
            "type": "library",
            "extra": {
                "branch-alias": {
                    "dev-master": "2.8-dev"
                }
            },
            "autoload": {
                "psr-4": {
                    "Symfony\\Component\\ClassLoader\\": ""
                },
                "exclude-from-classmap": [
                    "/Tests/"
                ]
            },
            "notification-url": "https://packagist.org/downloads/",
            "license": [
                "MIT"
            ],
            "authors": [
                {
                    "name": "Fabien Potencier",
                    "email": "fabien@symfony.com"
                },
                {
                    "name": "Symfony Community",
                    "homepage": "https://symfony.com/contributors"
                }
            ],
            "description": "Symfony ClassLoader Component",
            "homepage": "https://symfony.com",
            "time": "2016-03-30 10:37:34"
        },
        {
            "name": "symfony/config",
            "version": "2.8.x-dev",
            "source": {
                "type": "git",
                "url": "https://github.com/symfony/config.git",
                "reference": "edbbcf33cffa2a85104fc80de8dc052cc51596bb"
            },
            "dist": {
                "type": "zip",
                "url": "https://api.github.com/repos/symfony/config/zipball/edbbcf33cffa2a85104fc80de8dc052cc51596bb",
                "reference": "edbbcf33cffa2a85104fc80de8dc052cc51596bb",
                "shasum": ""
            },
            "require": {
                "php": ">=5.3.9",
                "symfony/filesystem": "~2.3|~3.0.0"
            },
            "suggest": {
                "symfony/yaml": "To use the yaml reference dumper"
            },
            "type": "library",
            "extra": {
                "branch-alias": {
                    "dev-master": "2.8-dev"
                }
            },
            "autoload": {
                "psr-4": {
                    "Symfony\\Component\\Config\\": ""
                },
                "exclude-from-classmap": [
                    "/Tests/"
                ]
            },
            "notification-url": "https://packagist.org/downloads/",
            "license": [
                "MIT"
            ],
            "authors": [
                {
                    "name": "Fabien Potencier",
                    "email": "fabien@symfony.com"
                },
                {
                    "name": "Symfony Community",
                    "homepage": "https://symfony.com/contributors"
                }
            ],
            "description": "Symfony Config Component",
            "homepage": "https://symfony.com",
            "time": "2016-04-20 18:52:26"
        },
        {
            "name": "symfony/console",
            "version": "2.8.x-dev",
            "source": {
                "type": "git",
                "url": "https://github.com/symfony/console.git",
                "reference": "9fe4ae74a68e086459de46313c237f202718d0c1"
            },
            "dist": {
                "type": "zip",
                "url": "https://api.github.com/repos/symfony/console/zipball/9fe4ae74a68e086459de46313c237f202718d0c1",
                "reference": "9fe4ae74a68e086459de46313c237f202718d0c1",
                "shasum": ""
            },
            "require": {
                "php": ">=5.3.9",
                "symfony/polyfill-mbstring": "~1.0"
            },
            "require-dev": {
                "psr/log": "~1.0",
                "symfony/event-dispatcher": "~2.1|~3.0.0",
                "symfony/process": "~2.1|~3.0.0"
            },
            "suggest": {
                "psr/log": "For using the console logger",
                "symfony/event-dispatcher": "",
                "symfony/process": ""
            },
            "type": "library",
            "extra": {
                "branch-alias": {
                    "dev-master": "2.8-dev"
                }
            },
            "autoload": {
                "psr-4": {
                    "Symfony\\Component\\Console\\": ""
                },
                "exclude-from-classmap": [
                    "/Tests/"
                ]
            },
            "notification-url": "https://packagist.org/downloads/",
            "license": [
                "MIT"
            ],
            "authors": [
                {
                    "name": "Fabien Potencier",
                    "email": "fabien@symfony.com"
                },
                {
                    "name": "Symfony Community",
                    "homepage": "https://symfony.com/contributors"
                }
            ],
            "description": "Symfony Console Component",
            "homepage": "https://symfony.com",
            "time": "2016-05-26 08:21:20"
        },
        {
            "name": "symfony/dependency-injection",
            "version": "2.8.x-dev",
            "source": {
                "type": "git",
                "url": "https://github.com/symfony/dependency-injection.git",
                "reference": "60685320fc14344506434445835f5963c58b8c55"
            },
            "dist": {
                "type": "zip",
                "url": "https://api.github.com/repos/symfony/dependency-injection/zipball/60685320fc14344506434445835f5963c58b8c55",
                "reference": "60685320fc14344506434445835f5963c58b8c55",
                "shasum": ""
            },
            "require": {
                "php": ">=5.3.9"
            },
            "conflict": {
                "symfony/expression-language": "<2.6"
            },
            "require-dev": {
                "symfony/config": "~2.2|~3.0.0",
                "symfony/expression-language": "~2.6|~3.0.0",
                "symfony/yaml": "~2.1|~3.0.0"
            },
            "suggest": {
                "symfony/config": "",
                "symfony/expression-language": "For using expressions in service container configuration",
                "symfony/proxy-manager-bridge": "Generate service proxies to lazy load them",
                "symfony/yaml": ""
            },
            "type": "library",
            "extra": {
                "branch-alias": {
                    "dev-master": "2.8-dev"
                }
            },
            "autoload": {
                "psr-4": {
                    "Symfony\\Component\\DependencyInjection\\": ""
                },
                "exclude-from-classmap": [
                    "/Tests/"
                ]
            },
            "notification-url": "https://packagist.org/downloads/",
            "license": [
                "MIT"
            ],
            "authors": [
                {
                    "name": "Fabien Potencier",
                    "email": "fabien@symfony.com"
                },
                {
                    "name": "Symfony Community",
                    "homepage": "https://symfony.com/contributors"
                }
            ],
            "description": "Symfony DependencyInjection Component",
            "homepage": "https://symfony.com",
            "time": "2016-05-23 09:00:59"
        },
        {
            "name": "symfony/event-dispatcher",
            "version": "2.8.x-dev",
            "source": {
                "type": "git",
                "url": "https://github.com/symfony/event-dispatcher.git",
                "reference": "a158f13992a3147d466af7a23b564ac719a4ddd8"
            },
            "dist": {
                "type": "zip",
                "url": "https://api.github.com/repos/symfony/event-dispatcher/zipball/a158f13992a3147d466af7a23b564ac719a4ddd8",
                "reference": "a158f13992a3147d466af7a23b564ac719a4ddd8",
                "shasum": ""
            },
            "require": {
                "php": ">=5.3.9"
            },
            "require-dev": {
                "psr/log": "~1.0",
                "symfony/config": "~2.0,>=2.0.5|~3.0.0",
                "symfony/dependency-injection": "~2.6|~3.0.0",
                "symfony/expression-language": "~2.6|~3.0.0",
                "symfony/stopwatch": "~2.3|~3.0.0"
            },
            "suggest": {
                "symfony/dependency-injection": "",
                "symfony/http-kernel": ""
            },
            "type": "library",
            "extra": {
                "branch-alias": {
                    "dev-master": "2.8-dev"
                }
            },
            "autoload": {
                "psr-4": {
                    "Symfony\\Component\\EventDispatcher\\": ""
                },
                "exclude-from-classmap": [
                    "/Tests/"
                ]
            },
            "notification-url": "https://packagist.org/downloads/",
            "license": [
                "MIT"
            ],
            "authors": [
                {
                    "name": "Fabien Potencier",
                    "email": "fabien@symfony.com"
                },
                {
                    "name": "Symfony Community",
                    "homepage": "https://symfony.com/contributors"
                }
            ],
            "description": "Symfony EventDispatcher Component",
            "homepage": "https://symfony.com",
            "time": "2016-05-03 18:59:18"
        },
        {
            "name": "symfony/filesystem",
            "version": "3.0.x-dev",
            "source": {
                "type": "git",
                "url": "https://github.com/symfony/filesystem.git",
                "reference": "74fec3511b62cb934b64bce1d96f06fffa4beafd"
            },
            "dist": {
                "type": "zip",
                "url": "https://api.github.com/repos/symfony/filesystem/zipball/74fec3511b62cb934b64bce1d96f06fffa4beafd",
                "reference": "74fec3511b62cb934b64bce1d96f06fffa4beafd",
                "shasum": ""
            },
            "require": {
                "php": ">=5.5.9"
            },
            "type": "library",
            "extra": {
                "branch-alias": {
                    "dev-master": "3.0-dev"
                }
            },
            "autoload": {
                "psr-4": {
                    "Symfony\\Component\\Filesystem\\": ""
                },
                "exclude-from-classmap": [
                    "/Tests/"
                ]
            },
            "notification-url": "https://packagist.org/downloads/",
            "license": [
                "MIT"
            ],
            "authors": [
                {
                    "name": "Fabien Potencier",
                    "email": "fabien@symfony.com"
                },
                {
                    "name": "Symfony Community",
                    "homepage": "https://symfony.com/contributors"
                }
            ],
            "description": "Symfony Filesystem Component",
            "homepage": "https://symfony.com",
            "time": "2016-04-12 18:09:53"
        },
        {
            "name": "symfony/polyfill-apcu",
            "version": "dev-master",
            "source": {
                "type": "git",
                "url": "https://github.com/symfony/polyfill-apcu.git",
                "reference": "6d58bceaeea2c2d3eb62503839b18646e161cd6b"
            },
            "dist": {
                "type": "zip",
                "url": "https://api.github.com/repos/symfony/polyfill-apcu/zipball/6d58bceaeea2c2d3eb62503839b18646e161cd6b",
                "reference": "6d58bceaeea2c2d3eb62503839b18646e161cd6b",
                "shasum": ""
            },
            "require": {
                "php": ">=5.3.3"
            },
            "type": "library",
            "extra": {
                "branch-alias": {
                    "dev-master": "1.2-dev"
                }
            },
            "autoload": {
                "files": [
                    "bootstrap.php"
                ]
            },
            "notification-url": "https://packagist.org/downloads/",
            "license": [
                "MIT"
            ],
            "authors": [
                {
                    "name": "Nicolas Grekas",
                    "email": "p@tchwork.com"
                },
                {
                    "name": "Symfony Community",
                    "homepage": "https://symfony.com/contributors"
                }
            ],
            "description": "Symfony polyfill backporting apcu_* functions to lower PHP versions",
            "homepage": "https://symfony.com",
            "keywords": [
                "apcu",
                "compatibility",
                "polyfill",
                "portable",
                "shim"
            ],
            "time": "2016-05-18 14:26:46"
        },
        {
            "name": "symfony/polyfill-mbstring",
            "version": "dev-master",
            "source": {
                "type": "git",
                "url": "https://github.com/symfony/polyfill-mbstring.git",
                "reference": "67f0d2b927796648c5c38cedb7a2c8f1cf14e7dc"
            },
            "dist": {
                "type": "zip",
                "url": "https://api.github.com/repos/symfony/polyfill-mbstring/zipball/67f0d2b927796648c5c38cedb7a2c8f1cf14e7dc",
                "reference": "67f0d2b927796648c5c38cedb7a2c8f1cf14e7dc",
                "shasum": ""
            },
            "require": {
                "php": ">=5.3.3"
            },
            "suggest": {
                "ext-mbstring": "For best performance"
            },
            "type": "library",
            "extra": {
                "branch-alias": {
                    "dev-master": "1.2-dev"
                }
            },
            "autoload": {
                "psr-4": {
                    "Symfony\\Polyfill\\Mbstring\\": ""
                },
                "files": [
                    "bootstrap.php"
                ]
            },
            "notification-url": "https://packagist.org/downloads/",
            "license": [
                "MIT"
            ],
            "authors": [
                {
                    "name": "Nicolas Grekas",
                    "email": "p@tchwork.com"
                },
                {
                    "name": "Symfony Community",
                    "homepage": "https://symfony.com/contributors"
                }
            ],
            "description": "Symfony polyfill for the Mbstring extension",
            "homepage": "https://symfony.com",
            "keywords": [
                "compatibility",
                "mbstring",
                "polyfill",
                "portable",
                "shim"
            ],
            "time": "2016-05-26 01:13:28"
        },
        {
            "name": "symfony/translation",
            "version": "2.8.x-dev",
            "source": {
                "type": "git",
                "url": "https://github.com/symfony/translation.git",
                "reference": "d60b8e076d22953aabebeebda53bf334438e7aca"
            },
            "dist": {
                "type": "zip",
                "url": "https://api.github.com/repos/symfony/translation/zipball/d60b8e076d22953aabebeebda53bf334438e7aca",
                "reference": "d60b8e076d22953aabebeebda53bf334438e7aca",
                "shasum": ""
            },
            "require": {
                "php": ">=5.3.9",
                "symfony/polyfill-mbstring": "~1.0"
            },
            "conflict": {
                "symfony/config": "<2.7"
            },
            "require-dev": {
                "psr/log": "~1.0",
                "symfony/config": "~2.8",
                "symfony/intl": "~2.4|~3.0.0",
                "symfony/yaml": "~2.2|~3.0.0"
            },
            "suggest": {
                "psr/log": "To use logging capability in translator",
                "symfony/config": "",
                "symfony/yaml": ""
            },
            "type": "library",
            "extra": {
                "branch-alias": {
                    "dev-master": "2.8-dev"
                }
            },
            "autoload": {
                "psr-4": {
                    "Symfony\\Component\\Translation\\": ""
                },
                "exclude-from-classmap": [
                    "/Tests/"
                ]
            },
            "notification-url": "https://packagist.org/downloads/",
            "license": [
                "MIT"
            ],
            "authors": [
                {
                    "name": "Fabien Potencier",
                    "email": "fabien@symfony.com"
                },
                {
                    "name": "Symfony Community",
                    "homepage": "https://symfony.com/contributors"
                }
            ],
            "description": "Symfony Translation Component",
            "homepage": "https://symfony.com",
            "time": "2016-03-25 01:40:30"
        },
        {
            "name": "symfony/yaml",
            "version": "2.8.x-dev",
            "source": {
                "type": "git",
                "url": "https://github.com/symfony/yaml.git",
                "reference": "5190891dacfed9071768250b43acd68d48c5f1d1"
            },
            "dist": {
                "type": "zip",
                "url": "https://api.github.com/repos/symfony/yaml/zipball/5190891dacfed9071768250b43acd68d48c5f1d1",
                "reference": "5190891dacfed9071768250b43acd68d48c5f1d1",
                "shasum": ""
            },
            "require": {
                "php": ">=5.3.9"
            },
            "type": "library",
            "extra": {
                "branch-alias": {
                    "dev-master": "2.8-dev"
                }
            },
            "autoload": {
                "psr-4": {
                    "Symfony\\Component\\Yaml\\": ""
                },
                "exclude-from-classmap": [
                    "/Tests/"
                ]
            },
            "notification-url": "https://packagist.org/downloads/",
            "license": [
                "MIT"
            ],
            "authors": [
                {
                    "name": "Fabien Potencier",
                    "email": "fabien@symfony.com"
                },
                {
                    "name": "Symfony Community",
                    "homepage": "https://symfony.com/contributors"
                }
            ],
            "description": "Symfony Yaml Component",
            "homepage": "https://symfony.com",
            "time": "2016-05-24 10:00:02"
        },
        {
            "name": "wpackagist-plugin/debug-bar",
            "version": "0.8.4",
            "source": {
                "type": "svn",
                "url": "https://plugins.svn.wordpress.org/debug-bar/",
                "reference": "tags/0.8.4"
            },
            "dist": {
                "type": "zip",
                "url": "https://downloads.wordpress.org/plugin/debug-bar.0.8.4.zip",
                "reference": null,
                "shasum": null
            },
            "require": {
                "composer/installers": "~1.0"
            },
            "type": "wordpress-plugin",
            "homepage": "https://wordpress.org/plugins/debug-bar/"
        },
        {
            "name": "wpackagist-plugin/debug-bar-console",
            "version": "0.3",
            "source": {
                "type": "svn",
                "url": "https://plugins.svn.wordpress.org/debug-bar-console/",
                "reference": "tags/0.3"
            },
            "dist": {
                "type": "zip",
                "url": "https://downloads.wordpress.org/plugin/debug-bar-console.0.3.zip",
                "reference": null,
                "shasum": null
            },
            "require": {
                "composer/installers": "~1.0"
            },
            "type": "wordpress-plugin",
            "homepage": "https://wordpress.org/plugins/debug-bar-console/"
        }
    ],
    "aliases": [],
    "minimum-stability": "dev",
    "stability-flags": [],
    "prefer-stable": false,
    "prefer-lowest": false,
    "platform": {
        "php": ">=5.4"
    },
    "platform-dev": []
}
